
Microsoft Visual Studio Solution File, Format Version 12.00
# Visual Studio Version 16
VisualStudioVersion = 16.0.31410.357
MinimumVisualStudioVersion = 10.0.40219.1
Project("{2150E333-8FDC-42A3-9474-1A3956D46DE8}") = "Applications", "Applications", "{0FD5619C-4BF5-48F3-A7F7-5F0C12E064C7}"
EndProject
Project("{9A19103F-16F7-4668-BE54-9A1E7A4F7556}") = "Company.API", "Company.API\Company.API.csproj", "{21696D43-140E-4438-A474-5CF1D9A655E3}"
EndProject
Project("{9A19103F-16F7-4668-BE54-9A1E7A4F7556}") = "Company.Infrastructure", "Company.Infrastructure\Company.Infrastructure.csproj", "{B4BA211A-6EDE-4295-8CE7-62663CF01F11}"
EndProject
Project("{9A19103F-16F7-4668-BE54-9A1E7A4F7556}") = "Company.Domain", "Company.Domain\Company.Domain.csproj", "{DAE0125C-553B-49D9-9A90-1A9C75A0E197}"
EndProject
Project("{2150E333-8FDC-42A3-9474-1A3956D46DE8}") = "Solution Items", "Solution Items", "{3AC01CBB-6300-4C54-A57F-FCA3C7898B49}"
	ProjectSection(SolutionItems) = preProject
		.editorconfig = .editorconfig
		.gitattributes = .gitattributes
		.gitignore = .gitignore
		LICENSE = LICENSE
		README.md = README.md
	EndProjectSection
EndProject
Global
	GlobalSection(SolutionConfigurationPlatforms) = preSolution
		Debug|Any CPU = Debug|Any CPU
		Release|Any CPU = Release|Any CPU
	EndGlobalSection
	GlobalSection(ProjectConfigurationPlatforms) = postSolution
		{21696D43-140E-4438-A474-5CF1D9A655E3}.Debug|Any CPU.ActiveCfg = Debug|Any CPU
		{21696D43-140E-4438-A474-5CF1D9A655E3}.Debug|Any CPU.Build.0 = Debug|Any CPU
		{21696D43-140E-4438-A474-5CF1D9A655E3}.Release|Any CPU.ActiveCfg = Release|Any CPU
		{21696D43-140E-4438-A474-5CF1D9A655E3}.Release|Any CPU.Build.0 = Release|Any CPU
		{B4BA211A-6EDE-4295-8CE7-62663CF01F11}.Debug|Any CPU.ActiveCfg = Debug|Any CPU
		{B4BA211A-6EDE-4295-8CE7-62663CF01F11}.Debug|Any CPU.Build.0 = Debug|Any CPU
		{B4BA211A-6EDE-4295-8CE7-62663CF01F11}.Release|Any CPU.ActiveCfg = Release|Any CPU
		{B4BA211A-6EDE-4295-8CE7-62663CF01F11}.Release|Any CPU.Build.0 = Release|Any CPU
		{DAE0125C-553B-49D9-9A90-1A9C75A0E197}.Debug|Any CPU.ActiveCfg = Debug|Any CPU
		{DAE0125C-553B-49D9-9A90-1A9C75A0E197}.Debug|Any CPU.Build.0 = Debug|Any CPU
		{DAE0125C-553B-49D9-9A90-1A9C75A0E197}.Release|Any CPU.ActiveCfg = Release|Any CPU
		{DAE0125C-553B-49D9-9A90-1A9C75A0E197}.Release|Any CPU.Build.0 = Release|Any CPU
	EndGlobalSection
	GlobalSection(SolutionProperties) = preSolution
		HideSolutionNode = FALSE
	EndGlobalSection
	GlobalSection(NestedProjects) = preSolution
		{21696D43-140E-4438-A474-5CF1D9A655E3} = {0FD5619C-4BF5-48F3-A7F7-5F0C12E064C7}
	EndGlobalSection
	GlobalSection(ExtensibilityGlobals) = postSolution
		SolutionGuid = {7D6BF85E-D2FE-4B82-8484-9B1CDBB847F2}
	EndGlobalSection
EndGlobal
